
Microsoft Visual Studio Solution File, Format Version 12.00
# Visual Studio Version 17
VisualStudioVersion = 17.9.34728.123
MinimumVisualStudioVersion = 10.0.40219.1
Project("{9A19103F-16F7-4668-BE54-9A1E7A4F7556}") = "Infrastructure", "Infrastructure\Infrastructure.csproj", "{29BF5EA9-6671-4026-BAE0-23E4D5A45B57}"
EndProject
Project("{9A19103F-16F7-4668-BE54-9A1E7A4F7556}") = "API", "API\API.csproj", "{2ACDBD5C-39B5-442A-B9B3-0D80C2AE534A}"
EndProject
Project("{9A19103F-16F7-4668-BE54-9A1E7A4F7556}") = "Domain", "Domain\Domain.csproj", "{B03529E0-C5B2-47FE-B193-4F106B8C9BD6}"
EndProject
Project("{2150E333-8FDC-42A3-9474-1A3956D46DE8}") = "Tests", "Tests", "{72951CAE-23F4-4E48-94BB-1578D8D21FA1}"
EndProject
Project("{9A19103F-16F7-4668-BE54-9A1E7A4F7556}") = "Infrastructure_Test", "Infrastructure_Test\Infrastructure_Test.csproj", "{323BD318-202A-4154-BAA9-4083978FDF64}"
EndProject
Project("{9A19103F-16F7-4668-BE54-9A1E7A4F7556}") = "API_Test", "API_Test\API_Test.csproj", "{3CE141A8-B92F-4FE2-BE0C-EDA13BF88615}"
EndProject
Global
	GlobalSection(SolutionConfigurationPlatforms) = preSolution
		Debug|Any CPU = Debug|Any CPU
		Release|Any CPU = Release|Any CPU
	EndGlobalSection
	GlobalSection(ProjectConfigurationPlatforms) = postSolution
		{29BF5EA9-6671-4026-BAE0-23E4D5A45B57}.Debug|Any CPU.ActiveCfg = Debug|Any CPU
		{29BF5EA9-6671-4026-BAE0-23E4D5A45B57}.Debug|Any CPU.Build.0 = Debug|Any CPU
		{29BF5EA9-6671-4026-BAE0-23E4D5A45B57}.Release|Any CPU.ActiveCfg = Release|Any CPU
		{29BF5EA9-6671-4026-BAE0-23E4D5A45B57}.Release|Any CPU.Build.0 = Release|Any CPU
		{2ACDBD5C-39B5-442A-B9B3-0D80C2AE534A}.Debug|Any CPU.ActiveCfg = Debug|Any CPU
		{2ACDBD5C-39B5-442A-B9B3-0D80C2AE534A}.Debug|Any CPU.Build.0 = Debug|Any CPU
		{2ACDBD5C-39B5-442A-B9B3-0D80C2AE534A}.Release|Any CPU.ActiveCfg = Release|Any CPU
		{2ACDBD5C-39B5-442A-B9B3-0D80C2AE534A}.Release|Any CPU.Build.0 = Release|Any CPU
		{B03529E0-C5B2-47FE-B193-4F106B8C9BD6}.Debug|Any CPU.ActiveCfg = Debug|Any CPU
		{B03529E0-C5B2-47FE-B193-4F106B8C9BD6}.Debug|Any CPU.Build.0 = Debug|Any CPU
		{B03529E0-C5B2-47FE-B193-4F106B8C9BD6}.Release|Any CPU.ActiveCfg = Release|Any CPU
		{B03529E0-C5B2-47FE-B193-4F106B8C9BD6}.Release|Any CPU.Build.0 = Release|Any CPU
		{323BD318-202A-4154-BAA9-4083978FDF64}.Debug|Any CPU.ActiveCfg = Debug|Any CPU
		{323BD318-202A-4154-BAA9-4083978FDF64}.Debug|Any CPU.Build.0 = Debug|Any CPU
		{323BD318-202A-4154-BAA9-4083978FDF64}.Release|Any CPU.ActiveCfg = Release|Any CPU
		{323BD318-202A-4154-BAA9-4083978FDF64}.Release|Any CPU.Build.0 = Release|Any CPU
		{3CE141A8-B92F-4FE2-BE0C-EDA13BF88615}.Debug|Any CPU.ActiveCfg = Debug|Any CPU
		{3CE141A8-B92F-4FE2-BE0C-EDA13BF88615}.Debug|Any CPU.Build.0 = Debug|Any CPU
		{3CE141A8-B92F-4FE2-BE0C-EDA13BF88615}.Release|Any CPU.ActiveCfg = Release|Any CPU
		{3CE141A8-B92F-4FE2-BE0C-EDA13BF88615}.Release|Any CPU.Build.0 = Release|Any CPU
	EndGlobalSection
	GlobalSection(SolutionProperties) = preSolution
		HideSolutionNode = FALSE
	EndGlobalSection
	GlobalSection(NestedProjects) = preSolution
		{323BD318-202A-4154-BAA9-4083978FDF64} = {72951CAE-23F4-4E48-94BB-1578D8D21FA1}
		{3CE141A8-B92F-4FE2-BE0C-EDA13BF88615} = {72951CAE-23F4-4E48-94BB-1578D8D21FA1}
	EndGlobalSection
	GlobalSection(ExtensibilityGlobals) = postSolution
		SolutionGuid = {7CEF81BC-17AD-478C-A889-AF1D5EAA2D97}
	EndGlobalSection
EndGlobal
